
Microsoft Visual Studio Solution File, Format Version 12.00
# Visual Studio Version 17
VisualStudioVersion = 17.1.32210.238
MinimumVisualStudioVersion = 10.0.40219.1
Project("{FAE04EC0-301F-11D3-BF4B-00C04F79EFBC}") = "Personeelsbestand", "Personeelsbestand\Personeelsbestand.csproj", "{3D047ABD-D9BE-4647-A320-C4839D8D7774}"
EndProject
Global
	GlobalSection(SolutionConfigurationPlatforms) = preSolution
		Debug|Any CPU = Debug|Any CPU
		Release|Any CPU = Release|Any CPU
	EndGlobalSection
	GlobalSection(ProjectConfigurationPlatforms) = postSolution
		{3D047ABD-D9BE-4647-A320-C4839D8D7774}.Debug|Any CPU.ActiveCfg = Debug|Any CPU
		{3D047ABD-D9BE-4647-A320-C4839D8D7774}.Debug|Any CPU.Build.0 = Debug|Any CPU
		{3D047ABD-D9BE-4647-A320-C4839D8D7774}.Release|Any CPU.ActiveCfg = Release|Any CPU
		{3D047ABD-D9BE-4647-A320-C4839D8D7774}.Release|Any CPU.Build.0 = Release|Any CPU
	EndGlobalSection
	GlobalSection(SolutionProperties) = preSolution
		HideSolutionNode = FALSE
	EndGlobalSection
	GlobalSection(ExtensibilityGlobals) = postSolution
		SolutionGuid = {673614AF-6FC4-49D6-8347-E618C1E98AD2}
	EndGlobalSection
EndGlobal
